// !$*UTF8*$!
{
	archiveVersion = 1;
	classes = {
	};
	objectVersion = 56;
	objects = {

/* Begin PBXBuildFile section */
		01EF35F450E84E5C91833FDE /* Views/Components/RoutineCard.swift in Sources */ = {isa = PBXBuildFile; fileRef = 4422DD43E9604F288A83A6BA /* Views/Components/RoutineCard.swift */; };
		0211A7D980694286A64FB8EE /* Views/MainScreens/TherapyTrackingView.swift in Sources */ = {isa = PBXBuildFile; fileRef = 1235B54454354AEFB33607EC /* Views/MainScreens/TherapyTrackingView.swift */; };
		021ACB482B6A4D13904CFB5D /* Views/Onboarding/Steps/WelcomeView.swift in Sources */ = {isa = PBXBuildFile; fileRef = C99F3681A5B540ED90C70201 /* Views/Onboarding/Steps/WelcomeView.swift */; };
		0511DA30D2E34B49919D5760 /* Views/Components/SummarySection.swift in Sources */ = {isa = PBXBuildFile; fileRef = 79C43F31937B4741B5088DBD /* Views/Components/SummarySection.swift */; };
		07D0F133EB004CE49AF515A1 /* ViewModels/AppStateManager.swift in Sources */ = {isa = PBXBuildFile; fileRef = 51F322D0C4C54093AA784CCE /* ViewModels/AppStateManager.swift */; };
		11863A4E4DD742B2BCFB0A26 /* Views/Components/ModernDayCard.swift in Sources */ = {isa = PBXBuildFile; fileRef = 6ADF9EF7FFEB49FDB28F0E1E /* Views/Components/ModernDayCard.swift */; };
		122CB4BBDAE244B4B190969D /* Views/Components/ModernReminderCard.swift in Sources */ = {isa = PBXBuildFile; fileRef = 567008F3A210490CA8171FD6 /* Views/Components/ModernReminderCard.swift */; };
		1C942FE263E04B1F94B946EB /* Views/Onboarding/Steps/SymptomsView.swift in Sources */ = {isa = PBXBuildFile; fileRef = BBB1CBE00C67479D9B758D78 /* Views/Onboarding/Steps/SymptomsView.swift */; };
		1D69EB8E5C6449BEB1CE9D42 /* Views/Components/ModernActionCard.swift in Sources */ = {isa = PBXBuildFile; fileRef = E3F6D40F7CA144B9AD58183E /* Views/Components/ModernActionCard.swift */; };
		1E76A210E1CF403CAFC78AA0 /* Views/Onboarding/Steps/FlarePatternView.swift in Sources */ = {isa = PBXBuildFile; fileRef = 1B7C3C0EB2E84C62900C83BA /* Views/Onboarding/Steps/FlarePatternView.swift */; };
		2103E6757BEF4277977FE64D /* Utilities/Analytics.swift in Sources */ = {isa = PBXBuildFile; fileRef = 06D05B262A07403E8242FD78 /* Utilities/Analytics.swift */; };
		3793C863511C463C8B626735 /* Views/Components/TriggerCardFullWidth.swift in Sources */ = {isa = PBXBuildFile; fileRef = 798FB7FC900F49E096576374 /* Views/Components/TriggerCardFullWidth.swift */; };
		412DC602F70A4817967642E0 /* Views/Onboarding/Steps/TreatmentsView.swift in Sources */ = {isa = PBXBuildFile; fileRef = 6A95F9710569443893C14045 /* Views/Onboarding/Steps/TreatmentsView.swift */; };
		43040D9785A34CFEAF27B416 /* Views/Components/SymptomCardWithScale.swift in Sources */ = {isa = PBXBuildFile; fileRef = B952CF708E0045B4BBA86623 /* Views/Components/SymptomCardWithScale.swift */; };
		488A011703464D22A74297E9 /* Models/AppModels.swift in Sources */ = {isa = PBXBuildFile; fileRef = FFDE056EF4C14624911F0B16 /* Models/AppModels.swift */; };
		4C5205C80B1644B288B735C5 /* Views/MainScreens/FoodTrackingView.swift in Sources */ = {isa = PBXBuildFile; fileRef = 1E56AAF240294CEEA72EC17E /* Views/MainScreens/FoodTrackingView.swift */; };
		4D4DFEC70D114FD2BC291054 /* Views/Components/GoalCard.swift in Sources */ = {isa = PBXBuildFile; fileRef = B9E171FF5B584782BD1B0AEA /* Views/Components/GoalCard.swift */; };
		5D2816CD02FD46B98B5314DB /* Views/Components/FoodItemRow.swift in Sources */ = {isa = PBXBuildFile; fileRef = 61EC5A719AFD4FDCA7023BDB /* Views/Components/FoodItemRow.swift */; };
		60A618B06E294D4AAECF3FE2 /* Views/Components/FlarePatternCard.swift in Sources */ = {isa = PBXBuildFile; fileRef = 4D8E79D29023490490ABC29A /* Views/Components/FlarePatternCard.swift */; };
		65FF05BB96C744E7A44FF8E2 /* Extensions/AppTheme.swift in Sources */ = {isa = PBXBuildFile; fileRef = 72459B27920640C284C9AE5A /* Extensions/AppTheme.swift */; };
		68EFB277F98A4023BF4ABDCA /* Views/MainScreens/RestTrackingView.swift in Sources */ = {isa = PBXBuildFile; fileRef = C3049E33057743FBAA785BF7 /* Views/MainScreens/RestTrackingView.swift */; };
		6A2E84BA3CAE4F7BA12CAD95 /* Views/Onboarding/Steps/ConditionsView.swift in Sources */ = {isa = PBXBuildFile; fileRef = 5549A87C00154B7DA7087B19 /* Views/Onboarding/Steps/ConditionsView.swift */; };
		6A992BED3F54428087C82D33 /* Views/MainScreens/SymptomsTrackingView.swift in Sources */ = {isa = PBXBuildFile; fileRef = 4C2F340950E24B9594576B93 /* Views/MainScreens/SymptomsTrackingView.swift */; };
		7340D93D2E72656C00E1872B /* SymptomTrackerApp.swift in Sources */ = {isa = PBXBuildFile; fileRef = 7340D93C2E72656C00E1872B /* SymptomTrackerApp.swift */; };
		7340D93F2E72656C00E1872B /* ContentView.swift in Sources */ = {isa = PBXBuildFile; fileRef = 7340D93E2E72656C00E1872B /* ContentView.swift */; };
		7340D9412E72656F00E1872B /* Assets.xcassets in Resources */ = {isa = PBXBuildFile; fileRef = 7340D9402E72656F00E1872B /* Assets.xcassets */; };
		7340D9442E72656F00E1872B /* Preview Assets.xcassets in Resources */ = {isa = PBXBuildFile; fileRef = 7340D9432E72656F00E1872B /* Preview Assets.xcassets */; };
		7340D9462E72656F00E1872B /* Persistence.swift in Sources */ = {isa = PBXBuildFile; fileRef = 7340D9452E72656F00E1872B /* Persistence.swift */; };
		7340D9492E72656F00E1872B /* SymptomTracker.xcdatamodeld in Sources */ = {isa = PBXBuildFile; fileRef = 7340D9472E72656F00E1872B /* SymptomTracker.xcdatamodeld */; };
		7340D9552E72656F00E1872B /* SymptomTrackerTests.swift in Sources */ = {isa = PBXBuildFile; fileRef = 7340D9542E72656F00E1872B /* SymptomTrackerTests.swift */; };
		7340D95F2E72656F00E1872B /* SymptomTrackerUITests.swift in Sources */ = {isa = PBXBuildFile; fileRef = 7340D95E2E72656F00E1872B /* SymptomTrackerUITests.swift */; };
		7340D9612E72656F00E1872B /* SymptomTrackerUITestsLaunchTests.swift in Sources */ = {isa = PBXBuildFile; fileRef = 7340D9602E72656F00E1872B /* SymptomTrackerUITestsLaunchTests.swift */; };
		753E9784B6574247B00A47A7 /* Utilities/InputValidator.swift in Sources */ = {isa = PBXBuildFile; fileRef = 931A121D21BE4DA2994168D0 /* Utilities/InputValidator.swift */; };
		9262E57877FE48E6B23D35D4 /* Utilities/Logger.swift in Sources */ = {isa = PBXBuildFile; fileRef = D0A2D8CE78814DD39EDF9F2F /* Utilities/Logger.swift */; };
		9FE08D38F07B4424BA8B818A /* Extensions/Color+Extensions.swift in Sources */ = {isa = PBXBuildFile; fileRef = 48FE31F297E3469BBB8889A4 /* Extensions/Color+Extensions.swift */; };
		A858D51F8D574042960AE194 /* Views/Onboarding/OnboardingFlowView.swift in Sources */ = {isa = PBXBuildFile; fileRef = 8215798CE65C4636A2F56BAB /* Views/Onboarding/OnboardingFlowView.swift */; };
		B324E44B9E5441F7A14A6886 /* SymptomTracker/Views/Components/TimelineView.swift in Sources */ = {isa = PBXBuildFile; fileRef = 6D448B68C1534580B340430F /* SymptomTracker/Views/Components/TimelineView.swift */; };
		B766A9D9B030411FBAA6E12E /* Views/Components/QuickAddButton.swift in Sources */ = {isa = PBXBuildFile; fileRef = 75B5B5955E2F403EA6946F5F /* Views/Components/QuickAddButton.swift */; };
		CD0AF449E5B344279574C57E /* Views/MainScreens/MedicationTrackingView.swift in Sources */ = {isa = PBXBuildFile; fileRef = 93D0343B3D9142B59ECB27DB /* Views/MainScreens/MedicationTrackingView.swift */; };
		D720F9B93CA84AEB91AB8D15 /* Views/MainScreens/HomeScreenView.swift in Sources */ = {isa = PBXBuildFile; fileRef = 71B1FF86B95442A790B33DE1 /* Views/MainScreens/HomeScreenView.swift */; };
		DD3D793447B1462384B8447B /* Extensions/ErrorHandling.swift in Sources */ = {isa = PBXBuildFile; fileRef = 866552E6A9614532A07462B6 /* Extensions/ErrorHandling.swift */; };
		DE0331B25C834EEA9E52561B /* Views/Onboarding/Steps/ProfileSetupView.swift in Sources */ = {isa = PBXBuildFile; fileRef = 295FCB021FEC4BDC84B68F3A /* Views/Onboarding/Steps/ProfileSetupView.swift */; };
		DED00A76BB394FEF9CA25F0F /* Views/Onboarding/Steps/OnboardingSummaryView.swift in Sources */ = {isa = PBXBuildFile; fileRef = 794B3CD6349B4C93A5BAEF8F /* Views/Onboarding/Steps/OnboardingSummaryView.swift */; };
		DFF49A13ABAA43B8AF43C29B /* Views/Onboarding/Steps/TriggersView.swift in Sources */ = {isa = PBXBuildFile; fileRef = B5E4BFECC25D4F40808F99CC /* Views/Onboarding/Steps/TriggersView.swift */; };
		E90B3ABEE49A407CB384DDBB /* Views/Components/FeaturePreviewRow.swift in Sources */ = {isa = PBXBuildFile; fileRef = 0ADEC4F38761447E941A3C10 /* Views/Components/FeaturePreviewRow.swift */; };
		E9ECD5775E4A47A3889513BA /* Views/Onboarding/Steps/GoalsView.swift in Sources */ = {isa = PBXBuildFile; fileRef = DFFF901F23EA4DC084F7C2C3 /* Views/Onboarding/Steps/GoalsView.swift */; };
		F72AB92EDA474E2099246FB3 /* Views/Components/TreatmentCard.swift in Sources */ = {isa = PBXBuildFile; fileRef = 4CA85229869442AE97FE1953 /* Views/Components/TreatmentCard.swift */; };
		FEE48B4B9FCF426188942483 /* Views/Components/ConditionCard.swift in Sources */ = {isa = PBXBuildFile; fileRef = C3CCB60A306D4672868604BD /* Views/Components/ConditionCard.swift */; };
/* End PBXBuildFile section */

/* Begin PBXContainerItemProxy section */
		7340D9512E72656F00E1872B /* PBXContainerItemProxy */ = {
			isa = PBXContainerItemProxy;
			containerPortal = 7340D9312E72656C00E1872B /* Project object */;
			proxyType = 1;
			remoteGlobalIDString = 7340D9382E72656C00E1872B;
			remoteInfo = SymptomTracker;
		};
		7340D95B2E72656F00E1872B /* PBXContainerItemProxy */ = {
			isa = PBXContainerItemProxy;
			containerPortal = 7340D9312E72656C00E1872B /* Project object */;
			proxyType = 1;
			remoteGlobalIDString = 7340D9382E72656C00E1872B;
			remoteInfo = SymptomTracker;
		};
/* End PBXContainerItemProxy section */

/* Begin PBXFileReference section */
		06D05B262A07403E8242FD78 /* Utilities/Analytics.swift */ = {isa = PBXFileReference; lastKnownFileType = sourcecode.swift; path = Utilities/Analytics.swift; sourceTree = "<group>"; };
		0ADEC4F38761447E941A3C10 /* Views/Components/FeaturePreviewRow.swift */ = {isa = PBXFileReference; lastKnownFileType = sourcecode.swift; path = Views/Components/FeaturePreviewRow.swift; sourceTree = "<group>"; };
		1235B54454354AEFB33607EC /* Views/MainScreens/TherapyTrackingView.swift */ = {isa = PBXFileReference; lastKnownFileType = sourcecode.swift; path = Views/MainScreens/TherapyTrackingView.swift; sourceTree = "<group>"; };
		1B7C3C0EB2E84C62900C83BA /* Views/Onboarding/Steps/FlarePatternView.swift */ = {isa = PBXFileReference; lastKnownFileType = sourcecode.swift; path = Views/Onboarding/Steps/FlarePatternView.swift; sourceTree = "<group>"; };
		1E56AAF240294CEEA72EC17E /* Views/MainScreens/FoodTrackingView.swift */ = {isa = PBXFileReference; lastKnownFileType = sourcecode.swift; path = Views/MainScreens/FoodTrackingView.swift; sourceTree = "<group>"; };
		295FCB021FEC4BDC84B68F3A /* Views/Onboarding/Steps/ProfileSetupView.swift */ = {isa = PBXFileReference; lastKnownFileType = sourcecode.swift; path = Views/Onboarding/Steps/ProfileSetupView.swift; sourceTree = "<group>"; };
		4422DD43E9604F288A83A6BA /* Views/Components/RoutineCard.swift */ = {isa = PBXFileReference; lastKnownFileType = sourcecode.swift; path = Views/Components/RoutineCard.swift; sourceTree = "<group>"; };
		48FE31F297E3469BBB8889A4 /* Extensions/Color+Extensions.swift */ = {isa = PBXFileReference; lastKnownFileType = sourcecode.swift; path = "Extensions/Color+Extensions.swift"; sourceTree = "<group>"; };
		4C2F340950E24B9594576B93 /* Views/MainScreens/SymptomsTrackingView.swift */ = {isa = PBXFileReference; lastKnownFileType = sourcecode.swift; path = Views/MainScreens/SymptomsTrackingView.swift; sourceTree = "<group>"; };
		4CA85229869442AE97FE1953 /* Views/Components/TreatmentCard.swift */ = {isa = PBXFileReference; lastKnownFileType = sourcecode.swift; path = Views/Components/TreatmentCard.swift; sourceTree = "<group>"; };
		4D8E79D29023490490ABC29A /* Views/Components/FlarePatternCard.swift */ = {isa = PBXFileReference; lastKnownFileType = sourcecode.swift; path = Views/Components/FlarePatternCard.swift; sourceTree = "<group>"; };
		51F322D0C4C54093AA784CCE /* ViewModels/AppStateManager.swift */ = {isa = PBXFileReference; lastKnownFileType = sourcecode.swift; path = ViewModels/AppStateManager.swift; sourceTree = "<group>"; };
		5549A87C00154B7DA7087B19 /* Views/Onboarding/Steps/ConditionsView.swift */ = {isa = PBXFileReference; lastKnownFileType = sourcecode.swift; path = Views/Onboarding/Steps/ConditionsView.swift; sourceTree = "<group>"; };
		567008F3A210490CA8171FD6 /* Views/Components/ModernReminderCard.swift */ = {isa = PBXFileReference; lastKnownFileType = sourcecode.swift; path = Views/Components/ModernReminderCard.swift; sourceTree = "<group>"; };
		61EC5A719AFD4FDCA7023BDB /* Views/Components/FoodItemRow.swift */ = {isa = PBXFileReference; lastKnownFileType = sourcecode.swift; path = Views/Components/FoodItemRow.swift; sourceTree = "<group>"; };
		6A95F9710569443893C14045 /* Views/Onboarding/Steps/TreatmentsView.swift */ = {isa = PBXFileReference; lastKnownFileType = sourcecode.swift; path = Views/Onboarding/Steps/TreatmentsView.swift; sourceTree = "<group>"; };
		6ADF9EF7FFEB49FDB28F0E1E /* Views/Components/ModernDayCard.swift */ = {isa = PBXFileReference; lastKnownFileType = sourcecode.swift; path = Views/Components/ModernDayCard.swift; sourceTree = "<group>"; };
		6D448B68C1534580B340430F /* SymptomTracker/Views/Components/TimelineView.swift */ = {isa = PBXFileReference; lastKnownFileType = sourcecode.swift; path = SymptomTracker/Views/Components/TimelineView.swift; sourceTree = "<group>"; };
		71B1FF86B95442A790B33DE1 /* Views/MainScreens/HomeScreenView.swift */ = {isa = PBXFileReference; lastKnownFileType = sourcecode.swift; path = Views/MainScreens/HomeScreenView.swift; sourceTree = "<group>"; };
		72459B27920640C284C9AE5A /* Extensions/AppTheme.swift */ = {isa = PBXFileReference; lastKnownFileType = sourcecode.swift; path = Extensions/AppTheme.swift; sourceTree = "<group>"; };
		7340D9392E72656C00E1872B /* SymptomTracker.app */ = {isa = PBXFileReference; explicitFileType = wrapper.application; includeInIndex = 0; path = SymptomTracker.app; sourceTree = BUILT_PRODUCTS_DIR; };
		7340D93C2E72656C00E1872B /* SymptomTrackerApp.swift */ = {isa = PBXFileReference; lastKnownFileType = sourcecode.swift; path = SymptomTrackerApp.swift; sourceTree = "<group>"; };
		7340D93E2E72656C00E1872B /* ContentView.swift */ = {isa = PBXFileReference; lastKnownFileType = sourcecode.swift; path = ContentView.swift; sourceTree = "<group>"; };
		7340D9402E72656F00E1872B /* Assets.xcassets */ = {isa = PBXFileReference; lastKnownFileType = folder.assetcatalog; path = Assets.xcassets; sourceTree = "<group>"; };
		7340D9432E72656F00E1872B /* Preview Assets.xcassets */ = {isa = PBXFileReference; lastKnownFileType = folder.assetcatalog; path = "Preview Assets.xcassets"; sourceTree = "<group>"; };
		7340D9452E72656F00E1872B /* Persistence.swift */ = {isa = PBXFileReference; lastKnownFileType = sourcecode.swift; path = Persistence.swift; sourceTree = "<group>"; };
		7340D9482E72656F00E1872B /* SymptomTracker.xcdatamodel */ = {isa = PBXFileReference; lastKnownFileType = wrapper.xcdatamodel; path = SymptomTracker.xcdatamodel; sourceTree = "<group>"; };
		7340D94B2E72656F00E1872B /* Info.plist */ = {isa = PBXFileReference; lastKnownFileType = text.plist.xml; path = Info.plist; sourceTree = "<group>"; };
		7340D9502E72656F00E1872B /* SymptomTrackerTests.xctest */ = {isa = PBXFileReference; explicitFileType = wrapper.cfbundle; includeInIndex = 0; path = SymptomTrackerTests.xctest; sourceTree = BUILT_PRODUCTS_DIR; };
		7340D9542E72656F00E1872B /* SymptomTrackerTests.swift */ = {isa = PBXFileReference; lastKnownFileType = sourcecode.swift; path = SymptomTrackerTests.swift; sourceTree = "<group>"; };
		7340D95A2E72656F00E1872B /* SymptomTrackerUITests.xctest */ = {isa = PBXFileReference; explicitFileType = wrapper.cfbundle; includeInIndex = 0; path = SymptomTrackerUITests.xctest; sourceTree = BUILT_PRODUCTS_DIR; };
		7340D95E2E72656F00E1872B /* SymptomTrackerUITests.swift */ = {isa = PBXFileReference; lastKnownFileType = sourcecode.swift; path = SymptomTrackerUITests.swift; sourceTree = "<group>"; };
		7340D9602E72656F00E1872B /* SymptomTrackerUITestsLaunchTests.swift */ = {isa = PBXFileReference; lastKnownFileType = sourcecode.swift; path = SymptomTrackerUITestsLaunchTests.swift; sourceTree = "<group>"; };
		75B5B5955E2F403EA6946F5F /* Views/Components/QuickAddButton.swift */ = {isa = PBXFileReference; lastKnownFileType = sourcecode.swift; path = Views/Components/QuickAddButton.swift; sourceTree = "<group>"; };
		794B3CD6349B4C93A5BAEF8F /* Views/Onboarding/Steps/OnboardingSummaryView.swift */ = {isa = PBXFileReference; lastKnownFileType = sourcecode.swift; path = Views/Onboarding/Steps/OnboardingSummaryView.swift; sourceTree = "<group>"; };
		798FB7FC900F49E096576374 /* Views/Components/TriggerCardFullWidth.swift */ = {isa = PBXFileReference; lastKnownFileType = sourcecode.swift; path = Views/Components/TriggerCardFullWidth.swift; sourceTree = "<group>"; };
		79C43F31937B4741B5088DBD /* Views/Components/SummarySection.swift */ = {isa = PBXFileReference; lastKnownFileType = sourcecode.swift; path = Views/Components/SummarySection.swift; sourceTree = "<group>"; };
		8215798CE65C4636A2F56BAB /* Views/Onboarding/OnboardingFlowView.swift */ = {isa = PBXFileReference; lastKnownFileType = sourcecode.swift; path = Views/Onboarding/OnboardingFlowView.swift; sourceTree = "<group>"; };
		866552E6A9614532A07462B6 /* Extensions/ErrorHandling.swift */ = {isa = PBXFileReference; lastKnownFileType = sourcecode.swift; path = Extensions/ErrorHandling.swift; sourceTree = "<group>"; };
		931A121D21BE4DA2994168D0 /* Utilities/InputValidator.swift */ = {isa = PBXFileReference; lastKnownFileType = sourcecode.swift; path = Utilities/InputValidator.swift; sourceTree = "<group>"; };
		93D0343B3D9142B59ECB27DB /* Views/MainScreens/MedicationTrackingView.swift */ = {isa = PBXFileReference; lastKnownFileType = sourcecode.swift; path = Views/MainScreens/MedicationTrackingView.swift; sourceTree = "<group>"; };
		B5E4BFECC25D4F40808F99CC /* Views/Onboarding/Steps/TriggersView.swift */ = {isa = PBXFileReference; lastKnownFileType = sourcecode.swift; path = Views/Onboarding/Steps/TriggersView.swift; sourceTree = "<group>"; };
		B952CF708E0045B4BBA86623 /* Views/Components/SymptomCardWithScale.swift */ = {isa = PBXFileReference; lastKnownFileType = sourcecode.swift; path = Views/Components/SymptomCardWithScale.swift; sourceTree = "<group>"; };
		B9E171FF5B584782BD1B0AEA /* Views/Components/GoalCard.swift */ = {isa = PBXFileReference; lastKnownFileType = sourcecode.swift; path = Views/Components/GoalCard.swift; sourceTree = "<group>"; };
		BBB1CBE00C67479D9B758D78 /* Views/Onboarding/Steps/SymptomsView.swift */ = {isa = PBXFileReference; lastKnownFileType = sourcecode.swift; path = Views/Onboarding/Steps/SymptomsView.swift; sourceTree = "<group>"; };
		C3049E33057743FBAA785BF7 /* Views/MainScreens/RestTrackingView.swift */ = {isa = PBXFileReference; lastKnownFileType = sourcecode.swift; path = Views/MainScreens/RestTrackingView.swift; sourceTree = "<group>"; };
		C3CCB60A306D4672868604BD /* Views/Components/ConditionCard.swift */ = {isa = PBXFileReference; lastKnownFileType = sourcecode.swift; path = Views/Components/ConditionCard.swift; sourceTree = "<group>"; };
		C99F3681A5B540ED90C70201 /* Views/Onboarding/Steps/WelcomeView.swift */ = {isa = PBXFileReference; lastKnownFileType = sourcecode.swift; path = Views/Onboarding/Steps/WelcomeView.swift; sourceTree = "<group>"; };
		D0A2D8CE78814DD39EDF9F2F /* Utilities/Logger.swift */ = {isa = PBXFileReference; lastKnownFileType = sourcecode.swift; path = Utilities/Logger.swift; sourceTree = "<group>"; };
		DFFF901F23EA4DC084F7C2C3 /* Views/Onboarding/Steps/GoalsView.swift */ = {isa = PBXFileReference; lastKnownFileType = sourcecode.swift; path = Views/Onboarding/Steps/GoalsView.swift; sourceTree = "<group>"; };
		E3F6D40F7CA144B9AD58183E /* Views/Components/ModernActionCard.swift */ = {isa = PBXFileReference; lastKnownFileType = sourcecode.swift; path = Views/Components/ModernActionCard.swift; sourceTree = "<group>"; };
		FFDE056EF4C14624911F0B16 /* Models/AppModels.swift */ = {isa = PBXFileReference; lastKnownFileType = sourcecode.swift; path = Models/AppModels.swift; sourceTree = "<group>"; };
/* End PBXFileReference section */

/* Begin PBXFrameworksBuildPhase section */
		7340D9362E72656C00E1872B /* Frameworks */ = {
			isa = PBXFrameworksBuildPhase;
			buildActionMask = 2147483647;
			files = (
			);
			runOnlyForDeploymentPostprocessing = 0;
		};
		7340D94D2E72656F00E1872B /* Frameworks */ = {
			isa = PBXFrameworksBuildPhase;
			buildActionMask = 2147483647;
			files = (
			);
			runOnlyForDeploymentPostprocessing = 0;
		};
		7340D9572E72656F00E1872B /* Frameworks */ = {
			isa = PBXFrameworksBuildPhase;
			buildActionMask = 2147483647;
			files = (
			);
			runOnlyForDeploymentPostprocessing = 0;
		};
/* End PBXFrameworksBuildPhase section */

/* Begin PBXGroup section */
		7340D9302E72656C00E1872B = {
			isa = PBXGroup;
			children = (
				7340D93B2E72656C00E1872B /* SymptomTracker */,
				7340D9532E72656F00E1872B /* SymptomTrackerTests */,
				7340D95D2E72656F00E1872B /* SymptomTrackerUITests */,
				7340D93A2E72656C00E1872B /* Products */,
				738669FF2ECA8947001DFF6D /* Recovered References */,
			);
			sourceTree = "<group>";
		};
		7340D93A2E72656C00E1872B /* Products */ = {
			isa = PBXGroup;
			children = (
				7340D9392E72656C00E1872B /* SymptomTracker.app */,
				7340D9502E72656F00E1872B /* SymptomTrackerTests.xctest */,
				7340D95A2E72656F00E1872B /* SymptomTrackerUITests.xctest */,
			);
			name = Products;
			sourceTree = "<group>";
		};
		7340D93B2E72656C00E1872B /* SymptomTracker */ = {
			isa = PBXGroup;
			children = (
				7340D93C2E72656C00E1872B /* SymptomTrackerApp.swift */,
				7340D93E2E72656C00E1872B /* ContentView.swift */,
				7340D9402E72656F00E1872B /* Assets.xcassets */,
				7340D9452E72656F00E1872B /* Persistence.swift */,
				7340D94B2E72656F00E1872B /* Info.plist */,
				7340D9472E72656F00E1872B /* SymptomTracker.xcdatamodeld */,
				7340D9422E72656F00E1872B /* Preview Content */,
				FFDE056EF4C14624911F0B16 /* Models/AppModels.swift */,
				51F322D0C4C54093AA784CCE /* ViewModels/AppStateManager.swift */,
				72459B27920640C284C9AE5A /* Extensions/AppTheme.swift */,
				48FE31F297E3469BBB8889A4 /* Extensions/Color+Extensions.swift */,
				866552E6A9614532A07462B6 /* Extensions/ErrorHandling.swift */,
				D0A2D8CE78814DD39EDF9F2F /* Utilities/Logger.swift */,
				931A121D21BE4DA2994168D0 /* Utilities/InputValidator.swift */,
				06D05B262A07403E8242FD78 /* Utilities/Analytics.swift */,
				C3CCB60A306D4672868604BD /* Views/Components/ConditionCard.swift */,
				0ADEC4F38761447E941A3C10 /* Views/Components/FeaturePreviewRow.swift */,
				4D8E79D29023490490ABC29A /* Views/Components/FlarePatternCard.swift */,
				61EC5A719AFD4FDCA7023BDB /* Views/Components/FoodItemRow.swift */,
				B9E171FF5B584782BD1B0AEA /* Views/Components/GoalCard.swift */,
				E3F6D40F7CA144B9AD58183E /* Views/Components/ModernActionCard.swift */,
				6ADF9EF7FFEB49FDB28F0E1E /* Views/Components/ModernDayCard.swift */,
				567008F3A210490CA8171FD6 /* Views/Components/ModernReminderCard.swift */,
				75B5B5955E2F403EA6946F5F /* Views/Components/QuickAddButton.swift */,
				4422DD43E9604F288A83A6BA /* Views/Components/RoutineCard.swift */,
				79C43F31937B4741B5088DBD /* Views/Components/SummarySection.swift */,
				B952CF708E0045B4BBA86623 /* Views/Components/SymptomCardWithScale.swift */,
				4CA85229869442AE97FE1953 /* Views/Components/TreatmentCard.swift */,
				798FB7FC900F49E096576374 /* Views/Components/TriggerCardFullWidth.swift */,
				1E56AAF240294CEEA72EC17E /* Views/MainScreens/FoodTrackingView.swift */,
				71B1FF86B95442A790B33DE1 /* Views/MainScreens/HomeScreenView.swift */,
				93D0343B3D9142B59ECB27DB /* Views/MainScreens/MedicationTrackingView.swift */,
				C3049E33057743FBAA785BF7 /* Views/MainScreens/RestTrackingView.swift */,
				4C2F340950E24B9594576B93 /* Views/MainScreens/SymptomsTrackingView.swift */,
				1235B54454354AEFB33607EC /* Views/MainScreens/TherapyTrackingView.swift */,
				8215798CE65C4636A2F56BAB /* Views/Onboarding/OnboardingFlowView.swift */,
				5549A87C00154B7DA7087B19 /* Views/Onboarding/Steps/ConditionsView.swift */,
				1B7C3C0EB2E84C62900C83BA /* Views/Onboarding/Steps/FlarePatternView.swift */,
				DFFF901F23EA4DC084F7C2C3 /* Views/Onboarding/Steps/GoalsView.swift */,
				794B3CD6349B4C93A5BAEF8F /* Views/Onboarding/Steps/OnboardingSummaryView.swift */,
				295FCB021FEC4BDC84B68F3A /* Views/Onboarding/Steps/ProfileSetupView.swift */,
				BBB1CBE00C67479D9B758D78 /* Views/Onboarding/Steps/SymptomsView.swift */,
				6A95F9710569443893C14045 /* Views/Onboarding/Steps/TreatmentsView.swift */,
				B5E4BFECC25D4F40808F99CC /* Views/Onboarding/Steps/TriggersView.swift */,
				C99F3681A5B540ED90C70201 /* Views/Onboarding/Steps/WelcomeView.swift */,
			);
			path = SymptomTracker;
			sourceTree = "<group>";
		};
		7340D9422E72656F00E1872B /* Preview Content */ = {
			isa = PBXGroup;
			children = (
				7340D9432E72656F00E1872B /* Preview Assets.xcassets */,
			);
			path = "Preview Content";
			sourceTree = "<group>";
		};
		7340D9532E72656F00E1872B /* SymptomTrackerTests */ = {
			isa = PBXGroup;
			children = (
				7340D9542E72656F00E1872B /* SymptomTrackerTests.swift */,
			);
			path = SymptomTrackerTests;
			sourceTree = "<group>";
		};
		7340D95D2E72656F00E1872B /* SymptomTrackerUITests */ = {
			isa = PBXGroup;
			children = (
				7340D95E2E72656F00E1872B /* SymptomTrackerUITests.swift */,
				7340D9602E72656F00E1872B /* SymptomTrackerUITestsLaunchTests.swift */,
			);
			path = SymptomTrackerUITests;
			sourceTree = "<group>";
		};
		738669FF2ECA8947001DFF6D /* Recovered References */ = {
			isa = PBXGroup;
			children = (
				6D448B68C1534580B340430F /* SymptomTracker/Views/Components/TimelineView.swift */,
			);
			name = "Recovered References";
			sourceTree = "<group>";
		};
/* End PBXGroup section */

/* Begin PBXNativeTarget section */
		7340D9382E72656C00E1872B /* SymptomTracker */ = {
			isa = PBXNativeTarget;
			buildConfigurationList = 7340D9642E72656F00E1872B /* Build configuration list for PBXNativeTarget "SymptomTracker" */;
			buildPhases = (
				7340D9352E72656C00E1872B /* Sources */,
				7340D9362E72656C00E1872B /* Frameworks */,
				7340D9372E72656C00E1872B /* Resources */,
			);
			buildRules = (
			);
			dependencies = (
			);
			name = SymptomTracker;
			productName = SymptomTracker;
			productReference = 7340D9392E72656C00E1872B /* SymptomTracker.app */;
			productType = "com.apple.product-type.application";
		};
		7340D94F2E72656F00E1872B /* SymptomTrackerTests */ = {
			isa = PBXNativeTarget;
			buildConfigurationList = 7340D9672E72656F00E1872B /* Build configuration list for PBXNativeTarget "SymptomTrackerTests" */;
			buildPhases = (
				7340D94C2E72656F00E1872B /* Sources */,
				7340D94D2E72656F00E1872B /* Frameworks */,
				7340D94E2E72656F00E1872B /* Resources */,
			);
			buildRules = (
			);
			dependencies = (
				7340D9522E72656F00E1872B /* PBXTargetDependency */,
			);
			name = SymptomTrackerTests;
			productName = SymptomTrackerTests;
			productReference = 7340D9502E72656F00E1872B /* SymptomTrackerTests.xctest */;
			productType = "com.apple.product-type.bundle.unit-test";
		};
		7340D9592E72656F00E1872B /* SymptomTrackerUITests */ = {
			isa = PBXNativeTarget;
			buildConfigurationList = 7340D96A2E72656F00E1872B /* Build configuration list for PBXNativeTarget "SymptomTrackerUITests" */;
			buildPhases = (
				7340D9562E72656F00E1872B /* Sources */,
				7340D9572E72656F00E1872B /* Frameworks */,
				7340D9582E72656F00E1872B /* Resources */,
			);
			buildRules = (
			);
			dependencies = (
				7340D95C2E72656F00E1872B /* PBXTargetDependency */,
			);
			name = SymptomTrackerUITests;
			productName = SymptomTrackerUITests;
			productReference = 7340D95A2E72656F00E1872B /* SymptomTrackerUITests.xctest */;
			productType = "com.apple.product-type.bundle.ui-testing";
		};
/* End PBXNativeTarget section */

/* Begin PBXProject section */
		7340D9312E72656C00E1872B /* Project object */ = {
			isa = PBXProject;
			attributes = {
				BuildIndependentTargetsInParallel = 1;
				LastSwiftUpdateCheck = 1520;
				LastUpgradeCheck = 2600;
				TargetAttributes = {
					7340D9382E72656C00E1872B = {
						CreatedOnToolsVersion = 15.2;
					};
					7340D94F2E72656F00E1872B = {
						CreatedOnToolsVersion = 15.2;
						TestTargetID = 7340D9382E72656C00E1872B;
					};
					7340D9592E72656F00E1872B = {
						CreatedOnToolsVersion = 15.2;
						TestTargetID = 7340D9382E72656C00E1872B;
					};
				};
			};
			buildConfigurationList = 7340D9342E72656C00E1872B /* Build configuration list for PBXProject "SymptomTracker" */;
			compatibilityVersion = "Xcode 14.0";
			developmentRegion = en;
			hasScannedForEncodings = 0;
			knownRegions = (
				en,
				Base,
			);
			mainGroup = 7340D9302E72656C00E1872B;
			productRefGroup = 7340D93A2E72656C00E1872B /* Products */;
			projectDirPath = "";
			projectRoot = "";
			targets = (
				7340D9382E72656C00E1872B /* SymptomTracker */,
				7340D94F2E72656F00E1872B /* SymptomTrackerTests */,
				7340D9592E72656F00E1872B /* SymptomTrackerUITests */,
			);
		};
/* End PBXProject section */

/* Begin PBXResourcesBuildPhase section */
		7340D9372E72656C00E1872B /* Resources */ = {
			isa = PBXResourcesBuildPhase;
			buildActionMask = 2147483647;
			files = (
				7340D9442E72656F00E1872B /* Preview Assets.xcassets in Resources */,
				7340D9412E72656F00E1872B /* Assets.xcassets in Resources */,
			);
			runOnlyForDeploymentPostprocessing = 0;
		};
		7340D94E2E72656F00E1872B /* Resources */ = {
			isa = PBXResourcesBuildPhase;
			buildActionMask = 2147483647;
			files = (
			);
			runOnlyForDeploymentPostprocessing = 0;
		};
		7340D9582E72656F00E1872B /* Resources */ = {
			isa = PBXResourcesBuildPhase;
			buildActionMask = 2147483647;
			files = (
			);
			runOnlyForDeploymentPostprocessing = 0;
		};
/* End PBXResourcesBuildPhase section */

/* Begin PBXSourcesBuildPhase section */
		7340D9352E72656C00E1872B /* Sources */ = {
			isa = PBXSourcesBuildPhase;
			buildActionMask = 2147483647;
			files = (
				7340D9492E72656F00E1872B /* SymptomTracker.xcdatamodeld in Sources */,
				7340D9462E72656F00E1872B /* Persistence.swift in Sources */,
				7340D93F2E72656C00E1872B /* ContentView.swift in Sources */,
				7340D93D2E72656C00E1872B /* SymptomTrackerApp.swift in Sources */,
				488A011703464D22A74297E9 /* Models/AppModels.swift in Sources */,
				07D0F133EB004CE49AF515A1 /* ViewModels/AppStateManager.swift in Sources */,
				65FF05BB96C744E7A44FF8E2 /* Extensions/AppTheme.swift in Sources */,
				9FE08D38F07B4424BA8B818A /* Extensions/Color+Extensions.swift in Sources */,
				DD3D793447B1462384B8447B /* Extensions/ErrorHandling.swift in Sources */,
				FEE48B4B9FCF426188942483 /* Views/Components/ConditionCard.swift in Sources */,
				E90B3ABEE49A407CB384DDBB /* Views/Components/FeaturePreviewRow.swift in Sources */,
				60A618B06E294D4AAECF3FE2 /* Views/Components/FlarePatternCard.swift in Sources */,
				5D2816CD02FD46B98B5314DB /* Views/Components/FoodItemRow.swift in Sources */,
				4D4DFEC70D114FD2BC291054 /* Views/Components/GoalCard.swift in Sources */,
				1D69EB8E5C6449BEB1CE9D42 /* Views/Components/ModernActionCard.swift in Sources */,
				11863A4E4DD742B2BCFB0A26 /* Views/Components/ModernDayCard.swift in Sources */,
				122CB4BBDAE244B4B190969D /* Views/Components/ModernReminderCard.swift in Sources */,
				B766A9D9B030411FBAA6E12E /* Views/Components/QuickAddButton.swift in Sources */,
				01EF35F450E84E5C91833FDE /* Views/Components/RoutineCard.swift in Sources */,
				0511DA30D2E34B49919D5760 /* Views/Components/SummarySection.swift in Sources */,
				43040D9785A34CFEAF27B416 /* Views/Components/SymptomCardWithScale.swift in Sources */,
				F72AB92EDA474E2099246FB3 /* Views/Components/TreatmentCard.swift in Sources */,
				3793C863511C463C8B626735 /* Views/Components/TriggerCardFullWidth.swift in Sources */,
				4C5205C80B1644B288B735C5 /* Views/MainScreens/FoodTrackingView.swift in Sources */,
				D720F9B93CA84AEB91AB8D15 /* Views/MainScreens/HomeScreenView.swift in Sources */,
				CD0AF449E5B344279574C57E /* Views/MainScreens/MedicationTrackingView.swift in Sources */,
				68EFB277F98A4023BF4ABDCA /* Views/MainScreens/RestTrackingView.swift in Sources */,
				6A992BED3F54428087C82D33 /* Views/MainScreens/SymptomsTrackingView.swift in Sources */,
				0211A7D980694286A64FB8EE /* Views/MainScreens/TherapyTrackingView.swift in Sources */,
				A858D51F8D574042960AE194 /* Views/Onboarding/OnboardingFlowView.swift in Sources */,
				6A2E84BA3CAE4F7BA12CAD95 /* Views/Onboarding/Steps/ConditionsView.swift in Sources */,
				1E76A210E1CF403CAFC78AA0 /* Views/Onboarding/Steps/FlarePatternView.swift in Sources */,
				E9ECD5775E4A47A3889513BA /* Views/Onboarding/Steps/GoalsView.swift in Sources */,
				DED00A76BB394FEF9CA25F0F /* Views/Onboarding/Steps/OnboardingSummaryView.swift in Sources */,
				DE0331B25C834EEA9E52561B /* Views/Onboarding/Steps/ProfileSetupView.swift in Sources */,
				1C942FE263E04B1F94B946EB /* Views/Onboarding/Steps/SymptomsView.swift in Sources */,
				412DC602F70A4817967642E0 /* Views/Onboarding/Steps/TreatmentsView.swift in Sources */,
				DFF49A13ABAA43B8AF43C29B /* Views/Onboarding/Steps/TriggersView.swift in Sources */,
				021ACB482B6A4D13904CFB5D /* Views/Onboarding/Steps/WelcomeView.swift in Sources */,
				B324E44B9E5441F7A14A6886 /* SymptomTracker/Views/Components/TimelineView.swift in Sources */,
				9262E57877FE48E6B23D35D4 /* Utilities/Logger.swift in Sources */,
				753E9784B6574247B00A47A7 /* Utilities/InputValidator.swift in Sources */,
				2103E6757BEF4277977FE64D /* Utilities/Analytics.swift in Sources */,
			);
			runOnlyForDeploymentPostprocessing = 0;
		};
		7340D94C2E72656F00E1872B /* Sources */ = {
			isa = PBXSourcesBuildPhase;
			buildActionMask = 2147483647;
			files = (
				7340D9552E72656F00E1872B /* SymptomTrackerTests.swift in Sources */,
			);
			runOnlyForDeploymentPostprocessing = 0;
		};
		7340D9562E72656F00E1872B /* Sources */ = {
			isa = PBXSourcesBuildPhase;
			buildActionMask = 2147483647;
			files = (
				7340D95F2E72656F00E1872B /* SymptomTrackerUITests.swift in Sources */,
				7340D9612E72656F00E1872B /* SymptomTrackerUITestsLaunchTests.swift in Sources */,
			);
			runOnlyForDeploymentPostprocessing = 0;
		};
/* End PBXSourcesBuildPhase section */

/* Begin PBXTargetDependency section */
		7340D9522E72656F00E1872B /* PBXTargetDependency */ = {
			isa = PBXTargetDependency;
			target = 7340D9382E72656C00E1872B /* SymptomTracker */;
			targetProxy = 7340D9512E72656F00E1872B /* PBXContainerItemProxy */;
		};
		7340D95C2E72656F00E1872B /* PBXTargetDependency */ = {
			isa = PBXTargetDependency;
			target = 7340D9382E72656C00E1872B /* SymptomTracker */;
			targetProxy = 7340D95B2E72656F00E1872B /* PBXContainerItemProxy */;
		};
/* End PBXTargetDependency section */

/* Begin XCBuildConfiguration section */
		7340D9622E72656F00E1872B /* Debug */ = {
			isa = XCBuildConfiguration;
			buildSettings = {
				ALWAYS_SEARCH_USER_PATHS = NO;
				ASSETCATALOG_COMPILER_GENERATE_SWIFT_ASSET_SYMBOL_EXTENSIONS = YES;
				CLANG_ANALYZER_NONNULL = YES;
				CLANG_ANALYZER_NUMBER_OBJECT_CONVERSION = YES_AGGRESSIVE;
				CLANG_CXX_LANGUAGE_STANDARD = "gnu++20";
				CLANG_ENABLE_MODULES = YES;
				CLANG_ENABLE_OBJC_ARC = YES;
				CLANG_ENABLE_OBJC_WEAK = YES;
				CLANG_WARN_BLOCK_CAPTURE_AUTORELEASING = YES;
				CLANG_WARN_BOOL_CONVERSION = YES;
				CLANG_WARN_COMMA = YES;
				CLANG_WARN_CONSTANT_CONVERSION = YES;
				CLANG_WARN_DEPRECATED_OBJC_IMPLEMENTATIONS = YES;
				CLANG_WARN_DIRECT_OBJC_ISA_USAGE = YES_ERROR;
				CLANG_WARN_DOCUMENTATION_COMMENTS = YES;
				CLANG_WARN_EMPTY_BODY = YES;
				CLANG_WARN_ENUM_CONVERSION = YES;
				CLANG_WARN_INFINITE_RECURSION = YES;
				CLANG_WARN_INT_CONVERSION = YES;
				CLANG_WARN_NON_LITERAL_NULL_CONVERSION = YES;
				CLANG_WARN_OBJC_IMPLICIT_RETAIN_SELF = YES;
				CLANG_WARN_OBJC_LITERAL_CONVERSION = YES;
				CLANG_WARN_OBJC_ROOT_CLASS = YES_ERROR;
				CLANG_WARN_QUOTED_INCLUDE_IN_FRAMEWORK_HEADER = YES;
				CLANG_WARN_RANGE_LOOP_ANALYSIS = YES;
				CLANG_WARN_STRICT_PROTOTYPES = YES;
				CLANG_WARN_SUSPICIOUS_MOVE = YES;
				CLANG_WARN_UNGUARDED_AVAILABILITY = YES_AGGRESSIVE;
				CLANG_WARN_UNREACHABLE_CODE = YES;
				CLANG_WARN__DUPLICATE_METHOD_MATCH = YES;
				COPY_PHASE_STRIP = NO;
				DEBUG_INFORMATION_FORMAT = dwarf;
				DEVELOPMENT_TEAM = 48FYQR69HL;
				ENABLE_STRICT_OBJC_MSGSEND = YES;
				ENABLE_TESTABILITY = YES;
				ENABLE_USER_SCRIPT_SANDBOXING = YES;
				GCC_C_LANGUAGE_STANDARD = gnu17;
				GCC_DYNAMIC_NO_PIC = NO;
				GCC_NO_COMMON_BLOCKS = YES;
				GCC_OPTIMIZATION_LEVEL = 0;
				GCC_PREPROCESSOR_DEFINITIONS = (
					"DEBUG=1",
					"$(inherited)",
				);
				GCC_WARN_64_TO_32_BIT_CONVERSION = YES;
				GCC_WARN_ABOUT_RETURN_TYPE = YES_ERROR;
				GCC_WARN_UNDECLARED_SELECTOR = YES;
				GCC_WARN_UNINITIALIZED_AUTOS = YES_AGGRESSIVE;
				GCC_WARN_UNUSED_FUNCTION = YES;
				GCC_WARN_UNUSED_VARIABLE = YES;
				IPHONEOS_DEPLOYMENT_TARGET = 17.2;
				LOCALIZATION_PREFERS_STRING_CATALOGS = YES;
				MTL_ENABLE_DEBUG_INFO = INCLUDE_SOURCE;
				MTL_FAST_MATH = YES;
				ONLY_ACTIVE_ARCH = YES;
				SDKROOT = iphoneos;
				STRING_CATALOG_GENERATE_SYMBOLS = YES;
				SWIFT_ACTIVE_COMPILATION_CONDITIONS = "DEBUG $(inherited)";
				SWIFT_OPTIMIZATION_LEVEL = "-Onone";
			};
			name = Debug;
		};
		7340D9632E72656F00E1872B /* Release */ = {
			isa = XCBuildConfiguration;
			buildSettings = {
				ALWAYS_SEARCH_USER_PATHS = NO;
				ASSETCATALOG_COMPILER_GENERATE_SWIFT_ASSET_SYMBOL_EXTENSIONS = YES;
				CLANG_ANALYZER_NONNULL = YES;
				CLANG_ANALYZER_NUMBER_OBJECT_CONVERSION = YES_AGGRESSIVE;
				CLANG_CXX_LANGUAGE_STANDARD = "gnu++20";
				CLANG_ENABLE_MODULES = YES;
				CLANG_ENABLE_OBJC_ARC = YES;
				CLANG_ENABLE_OBJC_WEAK = YES;
				CLANG_WARN_BLOCK_CAPTURE_AUTORELEASING = YES;
				CLANG_WARN_BOOL_CONVERSION = YES;
				CLANG_WARN_COMMA = YES;
				CLANG_WARN_CONSTANT_CONVERSION = YES;
				CLANG_WARN_DEPRECATED_OBJC_IMPLEMENTATIONS = YES;
				CLANG_WARN_DIRECT_OBJC_ISA_USAGE = YES_ERROR;
				CLANG_WARN_DOCUMENTATION_COMMENTS = YES;
				CLANG_WARN_EMPTY_BODY = YES;
				CLANG_WARN_ENUM_CONVERSION = YES;
				CLANG_WARN_INFINITE_RECURSION = YES;
				CLANG_WARN_INT_CONVERSION = YES;
				CLANG_WARN_NON_LITERAL_NULL_CONVERSION = YES;
				CLANG_WARN_OBJC_IMPLICIT_RETAIN_SELF = YES;
				CLANG_WARN_OBJC_LITERAL_CONVERSION = YES;
				CLANG_WARN_OBJC_ROOT_CLASS = YES_ERROR;
				CLANG_WARN_QUOTED_INCLUDE_IN_FRAMEWORK_HEADER = YES;
				CLANG_WARN_RANGE_LOOP_ANALYSIS = YES;
				CLANG_WARN_STRICT_PROTOTYPES = YES;
				CLANG_WARN_SUSPICIOUS_MOVE = YES;
				CLANG_WARN_UNGUARDED_AVAILABILITY = YES_AGGRESSIVE;
				CLANG_WARN_UNREACHABLE_CODE = YES;
				CLANG_WARN__DUPLICATE_METHOD_MATCH = YES;
				COPY_PHASE_STRIP = NO;
				DEBUG_INFORMATION_FORMAT = "dwarf-with-dsym";
				DEVELOPMENT_TEAM = 48FYQR69HL;
				ENABLE_NS_ASSERTIONS = NO;
				ENABLE_STRICT_OBJC_MSGSEND = YES;
				ENABLE_USER_SCRIPT_SANDBOXING = YES;
				GCC_C_LANGUAGE_STANDARD = gnu17;
				GCC_NO_COMMON_BLOCKS = YES;
				GCC_WARN_64_TO_32_BIT_CONVERSION = YES;
				GCC_WARN_ABOUT_RETURN_TYPE = YES_ERROR;
				GCC_WARN_UNDECLARED_SELECTOR = YES;
				GCC_WARN_UNINITIALIZED_AUTOS = YES_AGGRESSIVE;
				GCC_WARN_UNUSED_FUNCTION = YES;
				GCC_WARN_UNUSED_VARIABLE = YES;
				IPHONEOS_DEPLOYMENT_TARGET = 17.2;
				LOCALIZATION_PREFERS_STRING_CATALOGS = YES;
				MTL_ENABLE_DEBUG_INFO = NO;
				MTL_FAST_MATH = YES;
				SDKROOT = iphoneos;
				STRING_CATALOG_GENERATE_SYMBOLS = YES;
				SWIFT_COMPILATION_MODE = wholemodule;
				VALIDATE_PRODUCT = YES;
			};
			name = Release;
		};
		7340D9652E72656F00E1872B /* Debug */ = {
			isa = XCBuildConfiguration;
			buildSettings = {
				ASSETCATALOG_COMPILER_APPICON_NAME = AppIcon;
				ASSETCATALOG_COMPILER_GLOBAL_ACCENT_COLOR_NAME = AccentColor;
				CODE_SIGN_STYLE = Automatic;
				CURRENT_PROJECT_VERSION = 1;
				DEVELOPMENT_ASSET_PATHS = "\"SymptomTracker/Preview Content\"";
				ENABLE_PREVIEWS = YES;
				GENERATE_INFOPLIST_FILE = YES;
				INFOPLIST_FILE = SymptomTracker/Info.plist;
				INFOPLIST_KEY_NSCameraUsageDescription = "We need camera access to let you take photos for your symptom logs.";
				INFOPLIST_KEY_NSContactsUsageDescription = "We use contacts to help you share your health data with your healthcare providers.";
				INFOPLIST_KEY_NSHealthShareUsageDescription = "We use HealthKit to help you track your symptoms and health data in one place.";
				INFOPLIST_KEY_NSHealthUpdateUsageDescription = "We use HealthKit to save your symptom and health tracking data.";
				INFOPLIST_KEY_NSLocationWhenInUseUsageDescription = "We use your location to help track environmental factors that may affect your symptoms.";
				INFOPLIST_KEY_NSPhotoLibraryUsageDescription = "We need access to your photo library to allow you to add photos to your symptom logs.";
				INFOPLIST_KEY_NSRemindersUsageDescription = "We use reminders to help you remember to log your symptoms and take medications.";
				INFOPLIST_KEY_NSUserTrackingUsageDescription = "We use this information to improve your app experience and provide personalized insights.";
				INFOPLIST_KEY_UIApplicationSceneManifest_Generation = YES;
				INFOPLIST_KEY_UIApplicationSupportsIndirectInputEvents = YES;
				INFOPLIST_KEY_UILaunchScreen_Generation = YES;
				INFOPLIST_KEY_UISupportedInterfaceOrientations_iPad = "UIInterfaceOrientationPortrait UIInterfaceOrientationPortraitUpsideDown UIInterfaceOrientationLandscapeLeft UIInterfaceOrientationLandscapeRight";
				INFOPLIST_KEY_UISupportedInterfaceOrientations_iPhone = "UIInterfaceOrientationPortrait UIInterfaceOrientationLandscapeLeft UIInterfaceOrientationLandscapeRight";
				LD_RUNPATH_SEARCH_PATHS = (
					"$(inherited)",
					"@executable_path/Frameworks",
				);
				MARKETING_VERSION = 1.0;
				PRODUCT_BUNDLE_IDENTIFIER = cornelius.josiah.tracker;
				PRODUCT_NAME = "$(TARGET_NAME)";
				SWIFT_EMIT_LOC_STRINGS = YES;
				SWIFT_VERSION = 5.0;
				TARGETED_DEVICE_FAMILY = "1,2";
			};
			name = Debug;
		};
		7340D9662E72656F00E1872B /* Release */ = {
			isa = XCBuildConfiguration;
			buildSettings = {
				ASSETCATALOG_COMPILER_APPICON_NAME = AppIcon;
				ASSETCATALOG_COMPILER_GLOBAL_ACCENT_COLOR_NAME = AccentColor;
				CODE_SIGN_STYLE = Automatic;
				CURRENT_PROJECT_VERSION = 1;
				DEVELOPMENT_ASSET_PATHS = "\"SymptomTracker/Preview Content\"";
				ENABLE_PREVIEWS = YES;
				GENERATE_INFOPLIST_FILE = YES;
				INFOPLIST_FILE = SymptomTracker/Info.plist;
				INFOPLIST_KEY_NSCameraUsageDescription = "We need camera access to let you take photos for your symptom logs.";
				INFOPLIST_KEY_NSContactsUsageDescription = "We use contacts to help you share your health data with your healthcare providers.";
				INFOPLIST_KEY_NSHealthShareUsageDescription = "We use HealthKit to help you track your symptoms and health data in one place.";
				INFOPLIST_KEY_NSHealthUpdateUsageDescription = "We use HealthKit to save your symptom and health tracking data.";
				INFOPLIST_KEY_NSLocationWhenInUseUsageDescription = "We use your location to help track environmental factors that may affect your symptoms.";
				INFOPLIST_KEY_NSPhotoLibraryUsageDescription = "We need access to your photo library to allow you to add photos to your symptom logs.";
				INFOPLIST_KEY_NSRemindersUsageDescription = "We use reminders to help you remember to log your symptoms and take medications.";
				INFOPLIST_KEY_NSUserTrackingUsageDescription = "We use this information to improve your app experience and provide personalized insights.";
				INFOPLIST_KEY_UIApplicationSceneManifest_Generation = YES;
				INFOPLIST_KEY_UIApplicationSupportsIndirectInputEvents = YES;
				INFOPLIST_KEY_UILaunchScreen_Generation = YES;
				INFOPLIST_KEY_UISupportedInterfaceOrientations_iPad = "UIInterfaceOrientationPortrait UIInterfaceOrientationPortraitUpsideDown UIInterfaceOrientationLandscapeLeft UIInterfaceOrientationLandscapeRight";
				INFOPLIST_KEY_UISupportedInterfaceOrientations_iPhone = "UIInterfaceOrientationPortrait UIInterfaceOrientationLandscapeLeft UIInterfaceOrientationLandscapeRight";
				LD_RUNPATH_SEARCH_PATHS = (
					"$(inherited)",
					"@executable_path/Frameworks",
				);
				MARKETING_VERSION = 1.0;
				PRODUCT_BUNDLE_IDENTIFIER = cornelius.josiah.tracker;
				PRODUCT_NAME = "$(TARGET_NAME)";
				SWIFT_EMIT_LOC_STRINGS = YES;
				SWIFT_VERSION = 5.0;
				TARGETED_DEVICE_FAMILY = "1,2";
			};
			name = Release;
		};
		7340D9682E72656F00E1872B /* Debug */ = {
			isa = XCBuildConfiguration;
			buildSettings = {
				BUNDLE_LOADER = "$(TEST_HOST)";
				CODE_SIGN_STYLE = Automatic;
				CURRENT_PROJECT_VERSION = 1;
				GENERATE_INFOPLIST_FILE = YES;
				IPHONEOS_DEPLOYMENT_TARGET = 17.2;
				MARKETING_VERSION = 1.0;
				PRODUCT_BUNDLE_IDENTIFIER = cornelius.josiah.SymptomTrackerTests;
				PRODUCT_NAME = "$(TARGET_NAME)";
				SWIFT_EMIT_LOC_STRINGS = NO;
				SWIFT_VERSION = 5.0;
				TARGETED_DEVICE_FAMILY = "1,2";
				TEST_HOST = "$(BUILT_PRODUCTS_DIR)/SymptomTracker.app/$(BUNDLE_EXECUTABLE_FOLDER_PATH)/SymptomTracker";
			};
			name = Debug;
		};
		7340D9692E72656F00E1872B /* Release */ = {
			isa = XCBuildConfiguration;
			buildSettings = {
				BUNDLE_LOADER = "$(TEST_HOST)";
				CODE_SIGN_STYLE = Automatic;
				CURRENT_PROJECT_VERSION = 1;
				GENERATE_INFOPLIST_FILE = YES;
				IPHONEOS_DEPLOYMENT_TARGET = 17.2;
				MARKETING_VERSION = 1.0;
				PRODUCT_BUNDLE_IDENTIFIER = cornelius.josiah.SymptomTrackerTests;
				PRODUCT_NAME = "$(TARGET_NAME)";
				SWIFT_EMIT_LOC_STRINGS = NO;
				SWIFT_VERSION = 5.0;
				TARGETED_DEVICE_FAMILY = "1,2";
				TEST_HOST = "$(BUILT_PRODUCTS_DIR)/SymptomTracker.app/$(BUNDLE_EXECUTABLE_FOLDER_PATH)/SymptomTracker";
			};
			name = Release;
		};
		7340D96B2E72656F00E1872B /* Debug */ = {
			isa = XCBuildConfiguration;
			buildSettings = {
				CODE_SIGN_STYLE = Automatic;
				CURRENT_PROJECT_VERSION = 1;
				GENERATE_INFOPLIST_FILE = YES;
				MARKETING_VERSION = 1.0;
				PRODUCT_BUNDLE_IDENTIFIER = cornelius.josiah.SymptomTrackerUITests;
				PRODUCT_NAME = "$(TARGET_NAME)";
				SWIFT_EMIT_LOC_STRINGS = NO;
				SWIFT_VERSION = 5.0;
				TARGETED_DEVICE_FAMILY = "1,2";
				TEST_TARGET_NAME = SymptomTracker;
			};
			name = Debug;
		};
		7340D96C2E72656F00E1872B /* Release */ = {
			isa = XCBuildConfiguration;
			buildSettings = {
				CODE_SIGN_STYLE = Automatic;
				CURRENT_PROJECT_VERSION = 1;
				GENERATE_INFOPLIST_FILE = YES;
				MARKETING_VERSION = 1.0;
				PRODUCT_BUNDLE_IDENTIFIER = cornelius.josiah.SymptomTrackerUITests;
				PRODUCT_NAME = "$(TARGET_NAME)";
				SWIFT_EMIT_LOC_STRINGS = NO;
				SWIFT_VERSION = 5.0;
				TARGETED_DEVICE_FAMILY = "1,2";
				TEST_TARGET_NAME = SymptomTracker;
			};
			name = Release;
		};
/* End XCBuildConfiguration section */

/* Begin XCConfigurationList section */
		7340D9342E72656C00E1872B /* Build configuration list for PBXProject "SymptomTracker" */ = {
			isa = XCConfigurationList;
			buildConfigurations = (
				7340D9622E72656F00E1872B /* Debug */,
				7340D9632E72656F00E1872B /* Release */,
			);
			defaultConfigurationIsVisible = 0;
			defaultConfigurationName = Release;
		};
		7340D9642E72656F00E1872B /* Build configuration list for PBXNativeTarget "SymptomTracker" */ = {
			isa = XCConfigurationList;
			buildConfigurations = (
				7340D9652E72656F00E1872B /* Debug */,
				7340D9662E72656F00E1872B /* Release */,
			);
			defaultConfigurationIsVisible = 0;
			defaultConfigurationName = Release;
		};
		7340D9672E72656F00E1872B /* Build configuration list for PBXNativeTarget "SymptomTrackerTests" */ = {
			isa = XCConfigurationList;
			buildConfigurations = (
				7340D9682E72656F00E1872B /* Debug */,
				7340D9692E72656F00E1872B /* Release */,
			);
			defaultConfigurationIsVisible = 0;
			defaultConfigurationName = Release;
		};
		7340D96A2E72656F00E1872B /* Build configuration list for PBXNativeTarget "SymptomTrackerUITests" */ = {
			isa = XCConfigurationList;
			buildConfigurations = (
				7340D96B2E72656F00E1872B /* Debug */,
				7340D96C2E72656F00E1872B /* Release */,
			);
			defaultConfigurationIsVisible = 0;
			defaultConfigurationName = Release;
		};
/* End XCConfigurationList section */

/* Begin XCVersionGroup section */
		7340D9472E72656F00E1872B /* SymptomTracker.xcdatamodeld */ = {
			isa = XCVersionGroup;
			children = (
				7340D9482E72656F00E1872B /* SymptomTracker.xcdatamodel */,
			);
			currentVersion = 7340D9482E72656F00E1872B /* SymptomTracker.xcdatamodel */;
			path = SymptomTracker.xcdatamodeld;
			sourceTree = "<group>";
			versionGroupType = wrapper.xcdatamodel;
		};
/* End XCVersionGroup section */
	};
	rootObject = 7340D9312E72656C00E1872B /* Project object */;
}
